
Microsoft Visual Studio Solution File, Format Version 12.00
# Visual Studio Version 17
VisualStudioVersion = 17.2.32526.322
MinimumVisualStudioVersion = 10.0.40219.1
Project("{8BC9CEB8-8B4A-11D0-8D11-00A0C91BC942}") = "STrace", "STrace\STrace.vcxproj", "{EFE6E1B0-82E5-4AF2-8423-FA89F34AF1F2}"
	ProjectSection(ProjectDependencies) = postProject
		{4349310C-30F9-48A9-9AE7-13D181F958B5} = {4349310C-30F9-48A9-9AE7-13D181F958B5}
		{C09F1082-CDCA-4320-AB91-CC3EAB12560C} = {C09F1082-CDCA-4320-AB91-CC3EAB12560C}
	EndProjectSection
EndProject
Project("{8BC9CEB8-8B4A-11D0-8D11-00A0C91BC942}") = "STraceCLI", "STraceCLI\STraceCLI.vcxproj", "{4349310C-30F9-48A9-9AE7-13D181F958B5}"
EndProject
Project("{8BC9CEB8-8B4A-11D0-8D11-00A0C91BC942}") = "FileDeleteRecordPlugin", "FileDeleteRecordPlugin\FileDeleteRecordPlugin.vcxproj", "{C09F1082-CDCA-4320-AB91-CC3EAB12560C}"
EndProject
Project("{8BC9CEB8-8B4A-11D0-8D11-00A0C91BC942}") = "LogSyscallsPlugin", "LogSyscallsPlugin\LogSyscallsPlugin.vcxproj", "{50C1055F-A9D3-43A3-9FDB-35FD9EBB5645}"
EndProject
Project("{8BC9CEB8-8B4A-11D0-8D11-00A0C91BC942}") = "EtwCallbackPlugin", "EtwCallbackPlugin\EtwCallbackPlugin.vcxproj", "{3AC65894-4A8A-487A-BC59-5917B91E2169}"
EndProject
Project("{8BC9CEB8-8B4A-11D0-8D11-00A0C91BC942}") = "AddNewEtwEventPlugin", "AddNewEtwEventPlugin\AddNewEtwEventPlugin.vcxproj", "{BB90E9EE-4505-4EB2-91DB-5C63BD9A79FE}"
EndProject
Project("{8BC9CEB8-8B4A-11D0-8D11-00A0C91BC942}") = "FileDeleteRecordPluginDriver", "FileDeleteRecordPluginDriver\FileDeleteRecordPluginDriver.vcxproj", "{CD47158C-73E3-4197-AE90-92DC38D8BC0E}"
EndProject
Global
	GlobalSection(SolutionConfigurationPlatforms) = preSolution
		Debug|ARM64 = Debug|ARM64
		Debug|x64 = Debug|x64
		Debug|x86 = Debug|x86
		Release|ARM64 = Release|ARM64
		Release|x64 = Release|x64
		Release|x86 = Release|x86
	EndGlobalSection
	GlobalSection(ProjectConfigurationPlatforms) = postSolution
		{EFE6E1B0-82E5-4AF2-8423-FA89F34AF1F2}.Debug|ARM64.ActiveCfg = Debug|x64
		{EFE6E1B0-82E5-4AF2-8423-FA89F34AF1F2}.Debug|ARM64.Build.0 = Debug|x64
		{EFE6E1B0-82E5-4AF2-8423-FA89F34AF1F2}.Debug|ARM64.Deploy.0 = Debug|x64
		{EFE6E1B0-82E5-4AF2-8423-FA89F34AF1F2}.Debug|x64.ActiveCfg = Debug|x64
		{EFE6E1B0-82E5-4AF2-8423-FA89F34AF1F2}.Debug|x64.Build.0 = Debug|x64
		{EFE6E1B0-82E5-4AF2-8423-FA89F34AF1F2}.Debug|x64.Deploy.0 = Debug|x64
		{EFE6E1B0-82E5-4AF2-8423-FA89F34AF1F2}.Debug|x86.ActiveCfg = Debug|x64
		{EFE6E1B0-82E5-4AF2-8423-FA89F34AF1F2}.Debug|x86.Build.0 = Debug|x64
		{EFE6E1B0-82E5-4AF2-8423-FA89F34AF1F2}.Debug|x86.Deploy.0 = Debug|x64
		{EFE6E1B0-82E5-4AF2-8423-FA89F34AF1F2}.Release|ARM64.ActiveCfg = Release|x64
		{EFE6E1B0-82E5-4AF2-8423-FA89F34AF1F2}.Release|ARM64.Build.0 = Release|x64
		{EFE6E1B0-82E5-4AF2-8423-FA89F34AF1F2}.Release|ARM64.Deploy.0 = Release|x64
		{EFE6E1B0-82E5-4AF2-8423-FA89F34AF1F2}.Release|x64.ActiveCfg = Release|x64
		{EFE6E1B0-82E5-4AF2-8423-FA89F34AF1F2}.Release|x64.Build.0 = Release|x64
		{EFE6E1B0-82E5-4AF2-8423-FA89F34AF1F2}.Release|x64.Deploy.0 = Release|x64
		{EFE6E1B0-82E5-4AF2-8423-FA89F34AF1F2}.Release|x86.ActiveCfg = Release|x64
		{EFE6E1B0-82E5-4AF2-8423-FA89F34AF1F2}.Release|x86.Build.0 = Release|x64
		{EFE6E1B0-82E5-4AF2-8423-FA89F34AF1F2}.Release|x86.Deploy.0 = Release|x64
		{4349310C-30F9-48A9-9AE7-13D181F958B5}.Debug|ARM64.ActiveCfg = Debug|x64
		{4349310C-30F9-48A9-9AE7-13D181F958B5}.Debug|ARM64.Build.0 = Debug|x64
		{4349310C-30F9-48A9-9AE7-13D181F958B5}.Debug|x64.ActiveCfg = Debug|x64
		{4349310C-30F9-48A9-9AE7-13D181F958B5}.Debug|x64.Build.0 = Debug|x64
		{4349310C-30F9-48A9-9AE7-13D181F958B5}.Debug|x86.ActiveCfg = Debug|x64
		{4349310C-30F9-48A9-9AE7-13D181F958B5}.Debug|x86.Build.0 = Debug|x64
		{4349310C-30F9-48A9-9AE7-13D181F958B5}.Release|ARM64.ActiveCfg = Release|x64
		{4349310C-30F9-48A9-9AE7-13D181F958B5}.Release|ARM64.Build.0 = Release|x64
		{4349310C-30F9-48A9-9AE7-13D181F958B5}.Release|x64.ActiveCfg = Release|x64
		{4349310C-30F9-48A9-9AE7-13D181F958B5}.Release|x64.Build.0 = Release|x64
		{4349310C-30F9-48A9-9AE7-13D181F958B5}.Release|x86.ActiveCfg = Release|x64
		{4349310C-30F9-48A9-9AE7-13D181F958B5}.Release|x86.Build.0 = Release|x64
		{C09F1082-CDCA-4320-AB91-CC3EAB12560C}.Debug|ARM64.ActiveCfg = Debug|x64
		{C09F1082-CDCA-4320-AB91-CC3EAB12560C}.Debug|ARM64.Build.0 = Debug|x64
		{C09F1082-CDCA-4320-AB91-CC3EAB12560C}.Debug|x64.ActiveCfg = Debug|x64
		{C09F1082-CDCA-4320-AB91-CC3EAB12560C}.Debug|x64.Build.0 = Debug|x64
		{C09F1082-CDCA-4320-AB91-CC3EAB12560C}.Debug|x86.ActiveCfg = Debug|Win32
		{C09F1082-CDCA-4320-AB91-CC3EAB12560C}.Debug|x86.Build.0 = Debug|Win32
		{C09F1082-CDCA-4320-AB91-CC3EAB12560C}.Release|ARM64.ActiveCfg = Release|x64
		{C09F1082-CDCA-4320-AB91-CC3EAB12560C}.Release|ARM64.Build.0 = Release|x64
		{C09F1082-CDCA-4320-AB91-CC3EAB12560C}.Release|x64.ActiveCfg = Release|x64
		{C09F1082-CDCA-4320-AB91-CC3EAB12560C}.Release|x64.Build.0 = Release|x64
		{C09F1082-CDCA-4320-AB91-CC3EAB12560C}.Release|x86.ActiveCfg = Release|Win32
		{C09F1082-CDCA-4320-AB91-CC3EAB12560C}.Release|x86.Build.0 = Release|Win32
		{50C1055F-A9D3-43A3-9FDB-35FD9EBB5645}.Debug|ARM64.ActiveCfg = Debug|x64
		{50C1055F-A9D3-43A3-9FDB-35FD9EBB5645}.Debug|ARM64.Build.0 = Debug|x64
		{50C1055F-A9D3-43A3-9FDB-35FD9EBB5645}.Debug|x64.ActiveCfg = Debug|x64
		{50C1055F-A9D3-43A3-9FDB-35FD9EBB5645}.Debug|x64.Build.0 = Debug|x64
		{50C1055F-A9D3-43A3-9FDB-35FD9EBB5645}.Debug|x86.ActiveCfg = Debug|Win32
		{50C1055F-A9D3-43A3-9FDB-35FD9EBB5645}.Debug|x86.Build.0 = Debug|Win32
		{50C1055F-A9D3-43A3-9FDB-35FD9EBB5645}.Release|ARM64.ActiveCfg = Release|x64
		{50C1055F-A9D3-43A3-9FDB-35FD9EBB5645}.Release|ARM64.Build.0 = Release|x64
		{50C1055F-A9D3-43A3-9FDB-35FD9EBB5645}.Release|x64.ActiveCfg = Release|x64
		{50C1055F-A9D3-43A3-9FDB-35FD9EBB5645}.Release|x64.Build.0 = Release|x64
		{50C1055F-A9D3-43A3-9FDB-35FD9EBB5645}.Release|x86.ActiveCfg = Release|Win32
		{50C1055F-A9D3-43A3-9FDB-35FD9EBB5645}.Release|x86.Build.0 = Release|Win32
		{3AC65894-4A8A-487A-BC59-5917B91E2169}.Debug|ARM64.ActiveCfg = Debug|x64
		{3AC65894-4A8A-487A-BC59-5917B91E2169}.Debug|ARM64.Build.0 = Debug|x64
		{3AC65894-4A8A-487A-BC59-5917B91E2169}.Debug|x64.ActiveCfg = Debug|x64
		{3AC65894-4A8A-487A-BC59-5917B91E2169}.Debug|x64.Build.0 = Debug|x64
		{3AC65894-4A8A-487A-BC59-5917B91E2169}.Debug|x86.ActiveCfg = Debug|Win32
		{3AC65894-4A8A-487A-BC59-5917B91E2169}.Debug|x86.Build.0 = Debug|Win32
		{3AC65894-4A8A-487A-BC59-5917B91E2169}.Release|ARM64.ActiveCfg = Release|x64
		{3AC65894-4A8A-487A-BC59-5917B91E2169}.Release|ARM64.Build.0 = Release|x64
		{3AC65894-4A8A-487A-BC59-5917B91E2169}.Release|x64.ActiveCfg = Release|x64
		{3AC65894-4A8A-487A-BC59-5917B91E2169}.Release|x64.Build.0 = Release|x64
		{3AC65894-4A8A-487A-BC59-5917B91E2169}.Release|x86.ActiveCfg = Release|Win32
		{3AC65894-4A8A-487A-BC59-5917B91E2169}.Release|x86.Build.0 = Release|Win32
		{BB90E9EE-4505-4EB2-91DB-5C63BD9A79FE}.Debug|ARM64.ActiveCfg = Debug|x64
		{BB90E9EE-4505-4EB2-91DB-5C63BD9A79FE}.Debug|ARM64.Build.0 = Debug|x64
		{BB90E9EE-4505-4EB2-91DB-5C63BD9A79FE}.Debug|x64.ActiveCfg = Debug|x64
		{BB90E9EE-4505-4EB2-91DB-5C63BD9A79FE}.Debug|x64.Build.0 = Debug|x64
		{BB90E9EE-4505-4EB2-91DB-5C63BD9A79FE}.Debug|x86.ActiveCfg = Debug|Win32
		{BB90E9EE-4505-4EB2-91DB-5C63BD9A79FE}.Debug|x86.Build.0 = Debug|Win32
		{BB90E9EE-4505-4EB2-91DB-5C63BD9A79FE}.Release|ARM64.ActiveCfg = Release|x64
		{BB90E9EE-4505-4EB2-91DB-5C63BD9A79FE}.Release|ARM64.Build.0 = Release|x64
		{BB90E9EE-4505-4EB2-91DB-5C63BD9A79FE}.Release|x64.ActiveCfg = Release|x64
		{BB90E9EE-4505-4EB2-91DB-5C63BD9A79FE}.Release|x64.Build.0 = Release|x64
		{BB90E9EE-4505-4EB2-91DB-5C63BD9A79FE}.Release|x86.ActiveCfg = Release|Win32
		{BB90E9EE-4505-4EB2-91DB-5C63BD9A79FE}.Release|x86.Build.0 = Release|Win32
		{CD47158C-73E3-4197-AE90-92DC38D8BC0E}.Debug|ARM64.ActiveCfg = Debug|ARM64
		{CD47158C-73E3-4197-AE90-92DC38D8BC0E}.Debug|ARM64.Build.0 = Debug|ARM64
		{CD47158C-73E3-4197-AE90-92DC38D8BC0E}.Debug|ARM64.Deploy.0 = Debug|ARM64
		{CD47158C-73E3-4197-AE90-92DC38D8BC0E}.Debug|x64.ActiveCfg = Debug|x64
		{CD47158C-73E3-4197-AE90-92DC38D8BC0E}.Debug|x64.Build.0 = Debug|x64
		{CD47158C-73E3-4197-AE90-92DC38D8BC0E}.Debug|x64.Deploy.0 = Debug|x64
		{CD47158C-73E3-4197-AE90-92DC38D8BC0E}.Debug|x86.ActiveCfg = Debug|x64
		{CD47158C-73E3-4197-AE90-92DC38D8BC0E}.Debug|x86.Build.0 = Debug|x64
		{CD47158C-73E3-4197-AE90-92DC38D8BC0E}.Debug|x86.Deploy.0 = Debug|x64
		{CD47158C-73E3-4197-AE90-92DC38D8BC0E}.Release|ARM64.ActiveCfg = Release|ARM64
		{CD47158C-73E3-4197-AE90-92DC38D8BC0E}.Release|ARM64.Build.0 = Release|ARM64
		{CD47158C-73E3-4197-AE90-92DC38D8BC0E}.Release|ARM64.Deploy.0 = Release|ARM64
		{CD47158C-73E3-4197-AE90-92DC38D8BC0E}.Release|x64.ActiveCfg = Release|x64
		{CD47158C-73E3-4197-AE90-92DC38D8BC0E}.Release|x64.Build.0 = Release|x64
		{CD47158C-73E3-4197-AE90-92DC38D8BC0E}.Release|x64.Deploy.0 = Release|x64
		{CD47158C-73E3-4197-AE90-92DC38D8BC0E}.Release|x86.ActiveCfg = Release|x64
		{CD47158C-73E3-4197-AE90-92DC38D8BC0E}.Release|x86.Build.0 = Release|x64
		{CD47158C-73E3-4197-AE90-92DC38D8BC0E}.Release|x86.Deploy.0 = Release|x64
	EndGlobalSection
	GlobalSection(SolutionProperties) = preSolution
		HideSolutionNode = FALSE
	EndGlobalSection
	GlobalSection(ExtensibilityGlobals) = postSolution
		SolutionGuid = {6C23C13C-B6AA-4761-A31A-B1E9E32361C3}
	EndGlobalSection
EndGlobal
