
Microsoft Visual Studio Solution File, Format Version 12.00
# Visual Studio Version 17
VisualStudioVersion = 17.2.32526.322
MinimumVisualStudioVersion = 10.0.40219.1
Project("{8BC9CEB8-8B4A-11D0-8D11-00A0C91BC942}") = "STrace", "STrace\STrace.vcxproj", "{EFE6E1B0-82E5-4AF2-8423-FA89F34AF1F2}"
	ProjectSection(ProjectDependencies) = postProject
		{4349310C-30F9-48A9-9AE7-13D181F958B5} = {4349310C-30F9-48A9-9AE7-13D181F958B5}
	EndProjectSection
EndProject
Project("{8BC9CEB8-8B4A-11D0-8D11-00A0C91BC942}") = "STraceCLI", "STraceCLI\STraceCLI.vcxproj", "{4349310C-30F9-48A9-9AE7-13D181F958B5}"
EndProject
Project("{8BC9CEB8-8B4A-11D0-8D11-00A0C91BC942}") = "FileDeleteRecordPlugin", "FileDeleteRecordPlugin\FileDeleteRecordPlugin.vcxproj", "{CD47158C-73E3-4197-AE90-92DC38D8BC0E}"
EndProject
Project("{8BC9CEB8-8B4A-11D0-8D11-00A0C91BC942}") = "LogSyscallsPlugin", "LogSyscallsPlugin\LogSyscallsPlugin.vcxproj", "{F5816619-F0B3-4ED6-9C7D-6247EFE1D29B}"
EndProject
Project("{8BC9CEB8-8B4A-11D0-8D11-00A0C91BC942}") = "AddNewEtwEventPlugin", "AddNewEtwEventPlugin\AddNewEtwEventPlugin.vcxproj", "{2C6A9645-B4F6-4380-87E8-6D6056D82443}"
EndProject
Project("{8BC9CEB8-8B4A-11D0-8D11-00A0C91BC942}") = "EtwCallbackPlugin", "EtwCallbackPlugin\EtwCallbackPlugin.vcxproj", "{73EABC49-21C3-4201-830C-F8504C435E1D}"
EndProject
Global
	GlobalSection(SolutionConfigurationPlatforms) = preSolution
		Debug|ARM64 = Debug|ARM64
		Debug|x64 = Debug|x64
		Debug|x86 = Debug|x86
		Release|ARM64 = Release|ARM64
		Release|x64 = Release|x64
		Release|x86 = Release|x86
	EndGlobalSection
	GlobalSection(ProjectConfigurationPlatforms) = postSolution
		{EFE6E1B0-82E5-4AF2-8423-FA89F34AF1F2}.Debug|ARM64.ActiveCfg = Debug|x64
		{EFE6E1B0-82E5-4AF2-8423-FA89F34AF1F2}.Debug|ARM64.Build.0 = Debug|x64
		{EFE6E1B0-82E5-4AF2-8423-FA89F34AF1F2}.Debug|ARM64.Deploy.0 = Debug|x64
		{EFE6E1B0-82E5-4AF2-8423-FA89F34AF1F2}.Debug|x64.ActiveCfg = Debug|x64
		{EFE6E1B0-82E5-4AF2-8423-FA89F34AF1F2}.Debug|x64.Build.0 = Debug|x64
		{EFE6E1B0-82E5-4AF2-8423-FA89F34AF1F2}.Debug|x64.Deploy.0 = Debug|x64
		{EFE6E1B0-82E5-4AF2-8423-FA89F34AF1F2}.Debug|x86.ActiveCfg = Debug|x64
		{EFE6E1B0-82E5-4AF2-8423-FA89F34AF1F2}.Debug|x86.Build.0 = Debug|x64
		{EFE6E1B0-82E5-4AF2-8423-FA89F34AF1F2}.Debug|x86.Deploy.0 = Debug|x64
		{EFE6E1B0-82E5-4AF2-8423-FA89F34AF1F2}.Release|ARM64.ActiveCfg = Release|x64
		{EFE6E1B0-82E5-4AF2-8423-FA89F34AF1F2}.Release|ARM64.Build.0 = Release|x64
		{EFE6E1B0-82E5-4AF2-8423-FA89F34AF1F2}.Release|ARM64.Deploy.0 = Release|x64
		{EFE6E1B0-82E5-4AF2-8423-FA89F34AF1F2}.Release|x64.ActiveCfg = Release|x64
		{EFE6E1B0-82E5-4AF2-8423-FA89F34AF1F2}.Release|x64.Build.0 = Release|x64
		{EFE6E1B0-82E5-4AF2-8423-FA89F34AF1F2}.Release|x64.Deploy.0 = Release|x64
		{EFE6E1B0-82E5-4AF2-8423-FA89F34AF1F2}.Release|x86.ActiveCfg = Release|x64
		{EFE6E1B0-82E5-4AF2-8423-FA89F34AF1F2}.Release|x86.Build.0 = Release|x64
		{EFE6E1B0-82E5-4AF2-8423-FA89F34AF1F2}.Release|x86.Deploy.0 = Release|x64
		{4349310C-30F9-48A9-9AE7-13D181F958B5}.Debug|ARM64.ActiveCfg = Debug|x64
		{4349310C-30F9-48A9-9AE7-13D181F958B5}.Debug|ARM64.Build.0 = Debug|x64
		{4349310C-30F9-48A9-9AE7-13D181F958B5}.Debug|x64.ActiveCfg = Debug|x64
		{4349310C-30F9-48A9-9AE7-13D181F958B5}.Debug|x64.Build.0 = Debug|x64
		{4349310C-30F9-48A9-9AE7-13D181F958B5}.Debug|x86.ActiveCfg = Debug|x64
		{4349310C-30F9-48A9-9AE7-13D181F958B5}.Debug|x86.Build.0 = Debug|x64
		{4349310C-30F9-48A9-9AE7-13D181F958B5}.Release|ARM64.ActiveCfg = Release|x64
		{4349310C-30F9-48A9-9AE7-13D181F958B5}.Release|ARM64.Build.0 = Release|x64
		{4349310C-30F9-48A9-9AE7-13D181F958B5}.Release|x64.ActiveCfg = Release|x64
		{4349310C-30F9-48A9-9AE7-13D181F958B5}.Release|x64.Build.0 = Release|x64
		{4349310C-30F9-48A9-9AE7-13D181F958B5}.Release|x86.ActiveCfg = Release|x64
		{4349310C-30F9-48A9-9AE7-13D181F958B5}.Release|x86.Build.0 = Release|x64
		{CD47158C-73E3-4197-AE90-92DC38D8BC0E}.Debug|ARM64.ActiveCfg = Debug|ARM64
		{CD47158C-73E3-4197-AE90-92DC38D8BC0E}.Debug|ARM64.Build.0 = Debug|ARM64
		{CD47158C-73E3-4197-AE90-92DC38D8BC0E}.Debug|ARM64.Deploy.0 = Debug|ARM64
		{CD47158C-73E3-4197-AE90-92DC38D8BC0E}.Debug|x64.ActiveCfg = Debug|x64
		{CD47158C-73E3-4197-AE90-92DC38D8BC0E}.Debug|x64.Build.0 = Debug|x64
		{CD47158C-73E3-4197-AE90-92DC38D8BC0E}.Debug|x64.Deploy.0 = Debug|x64
		{CD47158C-73E3-4197-AE90-92DC38D8BC0E}.Debug|x86.ActiveCfg = Debug|x64
		{CD47158C-73E3-4197-AE90-92DC38D8BC0E}.Debug|x86.Build.0 = Debug|x64
		{CD47158C-73E3-4197-AE90-92DC38D8BC0E}.Debug|x86.Deploy.0 = Debug|x64
		{CD47158C-73E3-4197-AE90-92DC38D8BC0E}.Release|ARM64.ActiveCfg = Release|ARM64
		{CD47158C-73E3-4197-AE90-92DC38D8BC0E}.Release|ARM64.Build.0 = Release|ARM64
		{CD47158C-73E3-4197-AE90-92DC38D8BC0E}.Release|ARM64.Deploy.0 = Release|ARM64
		{CD47158C-73E3-4197-AE90-92DC38D8BC0E}.Release|x64.ActiveCfg = Release|x64
		{CD47158C-73E3-4197-AE90-92DC38D8BC0E}.Release|x64.Build.0 = Release|x64
		{CD47158C-73E3-4197-AE90-92DC38D8BC0E}.Release|x64.Deploy.0 = Release|x64
		{CD47158C-73E3-4197-AE90-92DC38D8BC0E}.Release|x86.ActiveCfg = Release|x64
		{CD47158C-73E3-4197-AE90-92DC38D8BC0E}.Release|x86.Build.0 = Release|x64
		{CD47158C-73E3-4197-AE90-92DC38D8BC0E}.Release|x86.Deploy.0 = Release|x64
		{F5816619-F0B3-4ED6-9C7D-6247EFE1D29B}.Debug|ARM64.ActiveCfg = Debug|ARM64
		{F5816619-F0B3-4ED6-9C7D-6247EFE1D29B}.Debug|ARM64.Build.0 = Debug|ARM64
		{F5816619-F0B3-4ED6-9C7D-6247EFE1D29B}.Debug|ARM64.Deploy.0 = Debug|ARM64
		{F5816619-F0B3-4ED6-9C7D-6247EFE1D29B}.Debug|x64.ActiveCfg = Debug|x64
		{F5816619-F0B3-4ED6-9C7D-6247EFE1D29B}.Debug|x64.Build.0 = Debug|x64
		{F5816619-F0B3-4ED6-9C7D-6247EFE1D29B}.Debug|x64.Deploy.0 = Debug|x64
		{F5816619-F0B3-4ED6-9C7D-6247EFE1D29B}.Debug|x86.ActiveCfg = Debug|x64
		{F5816619-F0B3-4ED6-9C7D-6247EFE1D29B}.Debug|x86.Build.0 = Debug|x64
		{F5816619-F0B3-4ED6-9C7D-6247EFE1D29B}.Debug|x86.Deploy.0 = Debug|x64
		{F5816619-F0B3-4ED6-9C7D-6247EFE1D29B}.Release|ARM64.ActiveCfg = Release|ARM64
		{F5816619-F0B3-4ED6-9C7D-6247EFE1D29B}.Release|ARM64.Build.0 = Release|ARM64
		{F5816619-F0B3-4ED6-9C7D-6247EFE1D29B}.Release|ARM64.Deploy.0 = Release|ARM64
		{F5816619-F0B3-4ED6-9C7D-6247EFE1D29B}.Release|x64.ActiveCfg = Release|x64
		{F5816619-F0B3-4ED6-9C7D-6247EFE1D29B}.Release|x64.Build.0 = Release|x64
		{F5816619-F0B3-4ED6-9C7D-6247EFE1D29B}.Release|x64.Deploy.0 = Release|x64
		{F5816619-F0B3-4ED6-9C7D-6247EFE1D29B}.Release|x86.ActiveCfg = Release|x64
		{F5816619-F0B3-4ED6-9C7D-6247EFE1D29B}.Release|x86.Build.0 = Release|x64
		{F5816619-F0B3-4ED6-9C7D-6247EFE1D29B}.Release|x86.Deploy.0 = Release|x64
		{2C6A9645-B4F6-4380-87E8-6D6056D82443}.Debug|ARM64.ActiveCfg = Debug|ARM64
		{2C6A9645-B4F6-4380-87E8-6D6056D82443}.Debug|ARM64.Build.0 = Debug|ARM64
		{2C6A9645-B4F6-4380-87E8-6D6056D82443}.Debug|ARM64.Deploy.0 = Debug|ARM64
		{2C6A9645-B4F6-4380-87E8-6D6056D82443}.Debug|x64.ActiveCfg = Debug|x64
		{2C6A9645-B4F6-4380-87E8-6D6056D82443}.Debug|x64.Build.0 = Debug|x64
		{2C6A9645-B4F6-4380-87E8-6D6056D82443}.Debug|x64.Deploy.0 = Debug|x64
		{2C6A9645-B4F6-4380-87E8-6D6056D82443}.Debug|x86.ActiveCfg = Debug|x64
		{2C6A9645-B4F6-4380-87E8-6D6056D82443}.Debug|x86.Build.0 = Debug|x64
		{2C6A9645-B4F6-4380-87E8-6D6056D82443}.Debug|x86.Deploy.0 = Debug|x64
		{2C6A9645-B4F6-4380-87E8-6D6056D82443}.Release|ARM64.ActiveCfg = Release|ARM64
		{2C6A9645-B4F6-4380-87E8-6D6056D82443}.Release|ARM64.Build.0 = Release|ARM64
		{2C6A9645-B4F6-4380-87E8-6D6056D82443}.Release|ARM64.Deploy.0 = Release|ARM64
		{2C6A9645-B4F6-4380-87E8-6D6056D82443}.Release|x64.ActiveCfg = Release|x64
		{2C6A9645-B4F6-4380-87E8-6D6056D82443}.Release|x64.Build.0 = Release|x64
		{2C6A9645-B4F6-4380-87E8-6D6056D82443}.Release|x64.Deploy.0 = Release|x64
		{2C6A9645-B4F6-4380-87E8-6D6056D82443}.Release|x86.ActiveCfg = Release|x64
		{2C6A9645-B4F6-4380-87E8-6D6056D82443}.Release|x86.Build.0 = Release|x64
		{2C6A9645-B4F6-4380-87E8-6D6056D82443}.Release|x86.Deploy.0 = Release|x64
		{73EABC49-21C3-4201-830C-F8504C435E1D}.Debug|ARM64.ActiveCfg = Debug|ARM64
		{73EABC49-21C3-4201-830C-F8504C435E1D}.Debug|ARM64.Build.0 = Debug|ARM64
		{73EABC49-21C3-4201-830C-F8504C435E1D}.Debug|ARM64.Deploy.0 = Debug|ARM64
		{73EABC49-21C3-4201-830C-F8504C435E1D}.Debug|x64.ActiveCfg = Debug|x64
		{73EABC49-21C3-4201-830C-F8504C435E1D}.Debug|x64.Build.0 = Debug|x64
		{73EABC49-21C3-4201-830C-F8504C435E1D}.Debug|x64.Deploy.0 = Debug|x64
		{73EABC49-21C3-4201-830C-F8504C435E1D}.Debug|x86.ActiveCfg = Debug|x64
		{73EABC49-21C3-4201-830C-F8504C435E1D}.Debug|x86.Build.0 = Debug|x64
		{73EABC49-21C3-4201-830C-F8504C435E1D}.Debug|x86.Deploy.0 = Debug|x64
		{73EABC49-21C3-4201-830C-F8504C435E1D}.Release|ARM64.ActiveCfg = Release|ARM64
		{73EABC49-21C3-4201-830C-F8504C435E1D}.Release|ARM64.Build.0 = Release|ARM64
		{73EABC49-21C3-4201-830C-F8504C435E1D}.Release|ARM64.Deploy.0 = Release|ARM64
		{73EABC49-21C3-4201-830C-F8504C435E1D}.Release|x64.ActiveCfg = Release|x64
		{73EABC49-21C3-4201-830C-F8504C435E1D}.Release|x64.Build.0 = Release|x64
		{73EABC49-21C3-4201-830C-F8504C435E1D}.Release|x64.Deploy.0 = Release|x64
		{73EABC49-21C3-4201-830C-F8504C435E1D}.Release|x86.ActiveCfg = Release|x64
		{73EABC49-21C3-4201-830C-F8504C435E1D}.Release|x86.Build.0 = Release|x64
		{73EABC49-21C3-4201-830C-F8504C435E1D}.Release|x86.Deploy.0 = Release|x64
	EndGlobalSection
	GlobalSection(SolutionProperties) = preSolution
		HideSolutionNode = FALSE
	EndGlobalSection
	GlobalSection(ExtensibilityGlobals) = postSolution
		SolutionGuid = {6C23C13C-B6AA-4761-A31A-B1E9E32361C3}
	EndGlobalSection
EndGlobal
