<?xml version="1.0" encoding="utf-8"?>
<Project ToolsVersion="4.0" xmlns="http://schemas.microsoft.com/developer/msbuild/2003">
  <ItemGroup>
    <ClCompile Include="Interface.cpp">
      <Filter>Source Files</Filter>
    </ClCompile>
    <ClCompile Include="main.cpp">
      <Filter>Source Files</Filter>
    </ClCompile>
  </ItemGroup>
  <ItemGroup>
    <ClInclude Include="vector.h">
      <Filter>Header Files</Filter>
    </ClInclude>
    <ClInclude Include="utils.h">
      <Filter>Header Files</Filter>
    </ClInclude>
    <ClInclude Include="string.h">
      <Filter>Header Files</Filter>
    </ClInclude>
    <ClInclude Include="probedefs.h">
      <Filter>Header Files</Filter>
    </ClInclude>
    <ClInclude Include="phantom_type.h">
      <Filter>Header Files</Filter>
    </ClInclude>
    <ClInclude Include="NtStructs.h">
      <Filter>Header Files</Filter>
    </ClInclude>
    <ClInclude Include="NtBuild.h">
      <Filter>Header Files</Filter>
    </ClInclude>
    <ClInclude Include="MyStdint.h">
      <Filter>Header Files</Filter>
    </ClInclude>
    <ClInclude Include="magic_enum.hpp">
      <Filter>Header Files</Filter>
    </ClInclude>
    <ClInclude Include="Interface.h">
      <Filter>Header Files</Filter>
    </ClInclude>
    <ClInclude Include="Constants.h">
      <Filter>Header Files</Filter>
    </ClInclude>
  </ItemGroup>
  <ItemGroup>
    <Filter Include="Header Files">
      <UniqueIdentifier>{df217687-6792-459a-a47a-10eb99f20cfc}</UniqueIdentifier>
    </Filter>
    <Filter Include="Source Files">
      <UniqueIdentifier>{5c149437-b147-4ba0-a1b5-c0d2fbf710ae}</UniqueIdentifier>
    </Filter>
  </ItemGroup>
</Project>